Microsoft Visual Studio Solution File, Format Version 12.00
# Visual Studio Version 17
VisualStudioVersion = 17.5.2.0
MinimumVisualStudioVersion = 10.0.40219.1
Project("{FAE04EC0-301F-11D3-BF4B-00C04F79EFBC}") = "Tracking-App-Backend.Tests", "Tracking-App-Backend.Tests.csproj", "{E154AD05-D678-AC6C-AD3B-BFE592C8E45F}"
EndProject
Global
	GlobalSection(SolutionConfigurationPlatforms) = preSolution
		Debug|Any CPU = Debug|Any CPU
		Release|Any CPU = Release|Any CPU
	EndGlobalSection
	GlobalSection(ProjectConfigurationPlatforms) = postSolution
		{E154AD05-D678-AC6C-AD3B-BFE592C8E45F}.Debug|Any CPU.ActiveCfg = Debug|Any CPU
		{E154AD05-D678-AC6C-AD3B-BFE592C8E45F}.Debug|Any CPU.Build.0 = Debug|Any CPU
		{E154AD05-D678-AC6C-AD3B-BFE592C8E45F}.Release|Any CPU.ActiveCfg = Release|Any CPU
		{E154AD05-D678-AC6C-AD3B-BFE592C8E45F}.Release|Any CPU.Build.0 = Release|Any CPU
	EndGlobalSection
	GlobalSection(SolutionProperties) = preSolution
		HideSolutionNode = FALSE
	EndGlobalSection
	GlobalSection(ExtensibilityGlobals) = postSolution
		SolutionGuid = {FC4CE356-6725-43F2-BF14-142753868289}
	EndGlobalSection
EndGlobal
